
Microsoft Visual Studio Solution File, Format Version 12.00
# Visual Studio 14
VisualStudioVersion = 14.0.24720.0
MinimumVisualStudioVersion = 10.0.40219.1
Project("{FAE04EC0-301F-11D3-BF4B-00C04F79EFBC}") = "Saraff.Twain.Sample1", "Saraff.Twain.Sample1\Saraff.Twain.Sample1.csproj", "{988B07D8-347C-4792-99CD-38009CA33899}"
EndProject
Project("{FAE04EC0-301F-11D3-BF4B-00C04F79EFBC}") = "Saraff.Twain.Sample2", "Saraff.Twain.Sample2\Saraff.Twain.Sample2.csproj", "{1456B7DF-B0FB-43EE-A6DC-072A4954598F}"
EndProject
Project("{FAE04EC0-301F-11D3-BF4B-00C04F79EFBC}") = "Saraff.Twain.Sample3", "Saraff.Twain.Sample3\Saraff.Twain.Sample3.csproj", "{4B9DA008-9FB4-4AAC-BAE6-7E0F73A6CC3C}"
EndProject
Global
	GlobalSection(SubversionScc) = preSolution
		Svn-Managed = True
		Manager = AnkhSVN - Subversion Support for Visual Studio
	EndGlobalSection
	GlobalSection(SolutionConfigurationPlatforms) = preSolution
		Debug|Any CPU = Debug|Any CPU
		Debug|x86 = Debug|x86
		Release|Any CPU = Release|Any CPU
		Release|x86 = Release|x86
	EndGlobalSection
	GlobalSection(ProjectConfigurationPlatforms) = postSolution
		{988B07D8-347C-4792-99CD-38009CA33899}.Debug|Any CPU.ActiveCfg = Debug|Any CPU
		{988B07D8-347C-4792-99CD-38009CA33899}.Debug|Any CPU.Build.0 = Debug|Any CPU
		{988B07D8-347C-4792-99CD-38009CA33899}.Debug|x86.ActiveCfg = Debug|x86
		{988B07D8-347C-4792-99CD-38009CA33899}.Debug|x86.Build.0 = Debug|x86
		{988B07D8-347C-4792-99CD-38009CA33899}.Release|Any CPU.ActiveCfg = Release|Any CPU
		{988B07D8-347C-4792-99CD-38009CA33899}.Release|Any CPU.Build.0 = Release|Any CPU
		{988B07D8-347C-4792-99CD-38009CA33899}.Release|x86.ActiveCfg = Release|x86
		{988B07D8-347C-4792-99CD-38009CA33899}.Release|x86.Build.0 = Release|x86
		{1456B7DF-B0FB-43EE-A6DC-072A4954598F}.Debug|Any CPU.ActiveCfg = Debug|Any CPU
		{1456B7DF-B0FB-43EE-A6DC-072A4954598F}.Debug|Any CPU.Build.0 = Debug|Any CPU
		{1456B7DF-B0FB-43EE-A6DC-072A4954598F}.Debug|x86.ActiveCfg = Debug|x86
		{1456B7DF-B0FB-43EE-A6DC-072A4954598F}.Debug|x86.Build.0 = Debug|x86
		{1456B7DF-B0FB-43EE-A6DC-072A4954598F}.Release|Any CPU.ActiveCfg = Release|Any CPU
		{1456B7DF-B0FB-43EE-A6DC-072A4954598F}.Release|Any CPU.Build.0 = Release|Any CPU
		{1456B7DF-B0FB-43EE-A6DC-072A4954598F}.Release|x86.ActiveCfg = Release|x86
		{1456B7DF-B0FB-43EE-A6DC-072A4954598F}.Release|x86.Build.0 = Release|x86
		{4B9DA008-9FB4-4AAC-BAE6-7E0F73A6CC3C}.Debug|Any CPU.ActiveCfg = Debug|Any CPU
		{4B9DA008-9FB4-4AAC-BAE6-7E0F73A6CC3C}.Debug|Any CPU.Build.0 = Debug|Any CPU
		{4B9DA008-9FB4-4AAC-BAE6-7E0F73A6CC3C}.Debug|x86.ActiveCfg = Debug|x86
		{4B9DA008-9FB4-4AAC-BAE6-7E0F73A6CC3C}.Debug|x86.Build.0 = Debug|x86
		{4B9DA008-9FB4-4AAC-BAE6-7E0F73A6CC3C}.Release|Any CPU.ActiveCfg = Release|Any CPU
		{4B9DA008-9FB4-4AAC-BAE6-7E0F73A6CC3C}.Release|Any CPU.Build.0 = Release|Any CPU
		{4B9DA008-9FB4-4AAC-BAE6-7E0F73A6CC3C}.Release|x86.ActiveCfg = Release|x86
		{4B9DA008-9FB4-4AAC-BAE6-7E0F73A6CC3C}.Release|x86.Build.0 = Release|x86
	EndGlobalSection
	GlobalSection(SolutionProperties) = preSolution
		HideSolutionNode = FALSE
	EndGlobalSection
EndGlobal
